
Microsoft Visual Studio Solution File, Format Version 12.00
# Visual Studio Version 16
VisualStudioVersion = 16.0.29911.84
MinimumVisualStudioVersion = 10.0.40219.1
Project("{9A19103F-16F7-4668-BE54-9A1E7A4F7556}") = "EasyTk.Core", "src\EasyTk.Core\EasyTk.Core.csproj", "{CCE4486B-2238-49D5-87F5-F12E84E0C470}"
EndProject
Project("{2150E333-8FDC-42A3-9474-1A3956D46DE8}") = "Core", "Core", "{7771E3E3-5DCF-4F1A-978D-AE6ACB170A98}"
EndProject
Project("{2150E333-8FDC-42A3-9474-1A3956D46DE8}") = "Src", "Src", "{8964A9A4-3F51-4FDE-9418-E8DDF4BEA865}"
EndProject
Project("{2150E333-8FDC-42A3-9474-1A3956D46DE8}") = "HaoDanKu", "HaoDanKu", "{6E5D8FDF-16E6-48D3-A0D6-6DF65256B9A7}"
EndProject
Project("{9A19103F-16F7-4668-BE54-9A1E7A4F7556}") = "EasyTk.HaoDanKu", "src\EasyTk.HaoDanKu\EasyTk.HaoDanKu.csproj", "{EF380726-AB56-4AB9-BDA7-D9B5FE947F1A}"
EndProject
Project("{9A19103F-16F7-4668-BE54-9A1E7A4F7556}") = "EasyTk.HaoDanKu.Test", "test\EasyTk.HaoDanKu.Test\EasyTk.HaoDanKu.Test.csproj", "{9CA688D7-209A-4845-BD32-B1FA507EF3BE}"
EndProject
Project("{9A19103F-16F7-4668-BE54-9A1E7A4F7556}") = "EasyTk", "src\EasyTk\EasyTk.csproj", "{46F44B79-3775-4E95-A5D8-BA8C4FE9E9C8}"
EndProject
Project("{2150E333-8FDC-42A3-9474-1A3956D46DE8}") = "DaTaoKe", "DaTaoKe", "{BA64CDD3-7A5C-47CF-9852-3B16F4F0107E}"
EndProject
Project("{9A19103F-16F7-4668-BE54-9A1E7A4F7556}") = "EasyTk.DaTaoKe", "src\EasyTk.DaTaoKe\EasyTk.DaTaoKe.csproj", "{1A48D951-F09E-4A1C-B0FC-FD78E6E275AD}"
EndProject
Project("{9A19103F-16F7-4668-BE54-9A1E7A4F7556}") = "EasyTk.DaTaoKe.Test", "test\EasyTk.DaTaoKe.Test\EasyTk.DaTaoKe.Test.csproj", "{DCC82633-5B2B-428D-92BA-297CF8A38FA9}"
EndProject
Project("{2150E333-8FDC-42A3-9474-1A3956D46DE8}") = "PinDuoDuo", "PinDuoDuo", "{923D89B9-07B1-4D95-8B96-D6658C555AAB}"
EndProject
Project("{9A19103F-16F7-4668-BE54-9A1E7A4F7556}") = "EasyTk.PinDuoDuo", "src\EasyTk.PinDuoDuo\EasyTk.PinDuoDuo.csproj", "{B1996E27-A217-409B-BD3F-1DF414F40D36}"
EndProject
Project("{9A19103F-16F7-4668-BE54-9A1E7A4F7556}") = "EasyTk.PinDuoDuo.Test", "test\EasyTk.PinDuoDuo.Test\EasyTk.PinDuoDuo.Test.csproj", "{B713C434-05BF-4F8F-B733-33E1EBC5FF58}"
EndProject
Project("{2150E333-8FDC-42A3-9474-1A3956D46DE8}") = "ZheTaoKe", "ZheTaoKe", "{D5CE6780-5E84-44D0-977B-5C39527EAAA4}"
EndProject
Project("{9A19103F-16F7-4668-BE54-9A1E7A4F7556}") = "EasyTk.ZheTaoKe", "src\EasyTk.ZheTaoKe\EasyTk.ZheTaoKe.csproj", "{57DFF051-5E32-47A5-BE43-EF48C958F4B2}"
EndProject
Project("{FAE04EC0-301F-11D3-BF4B-00C04F79EFBC}") = "EasyTk.ZheTaoKe.Test", "test\EasyTk.ZheTaoKe.Test\EasyTk.ZheTaoKe.Test.csproj", "{95D40793-EA21-4871-A767-23E0F3757299}"
EndProject
Global
	GlobalSection(SolutionConfigurationPlatforms) = preSolution
		Debug|Any CPU = Debug|Any CPU
		Release|Any CPU = Release|Any CPU
	EndGlobalSection
	GlobalSection(ProjectConfigurationPlatforms) = postSolution
		{CCE4486B-2238-49D5-87F5-F12E84E0C470}.Debug|Any CPU.ActiveCfg = Debug|Any CPU
		{CCE4486B-2238-49D5-87F5-F12E84E0C470}.Debug|Any CPU.Build.0 = Debug|Any CPU
		{CCE4486B-2238-49D5-87F5-F12E84E0C470}.Release|Any CPU.ActiveCfg = Release|Any CPU
		{CCE4486B-2238-49D5-87F5-F12E84E0C470}.Release|Any CPU.Build.0 = Release|Any CPU
		{EF380726-AB56-4AB9-BDA7-D9B5FE947F1A}.Debug|Any CPU.ActiveCfg = Debug|Any CPU
		{EF380726-AB56-4AB9-BDA7-D9B5FE947F1A}.Debug|Any CPU.Build.0 = Debug|Any CPU
		{EF380726-AB56-4AB9-BDA7-D9B5FE947F1A}.Release|Any CPU.ActiveCfg = Release|Any CPU
		{EF380726-AB56-4AB9-BDA7-D9B5FE947F1A}.Release|Any CPU.Build.0 = Release|Any CPU
		{9CA688D7-209A-4845-BD32-B1FA507EF3BE}.Debug|Any CPU.ActiveCfg = Debug|Any CPU
		{9CA688D7-209A-4845-BD32-B1FA507EF3BE}.Debug|Any CPU.Build.0 = Debug|Any CPU
		{9CA688D7-209A-4845-BD32-B1FA507EF3BE}.Release|Any CPU.ActiveCfg = Release|Any CPU
		{9CA688D7-209A-4845-BD32-B1FA507EF3BE}.Release|Any CPU.Build.0 = Release|Any CPU
		{46F44B79-3775-4E95-A5D8-BA8C4FE9E9C8}.Debug|Any CPU.ActiveCfg = Debug|Any CPU
		{46F44B79-3775-4E95-A5D8-BA8C4FE9E9C8}.Debug|Any CPU.Build.0 = Debug|Any CPU
		{46F44B79-3775-4E95-A5D8-BA8C4FE9E9C8}.Release|Any CPU.ActiveCfg = Release|Any CPU
		{46F44B79-3775-4E95-A5D8-BA8C4FE9E9C8}.Release|Any CPU.Build.0 = Release|Any CPU
		{1A48D951-F09E-4A1C-B0FC-FD78E6E275AD}.Debug|Any CPU.ActiveCfg = Debug|Any CPU
		{1A48D951-F09E-4A1C-B0FC-FD78E6E275AD}.Debug|Any CPU.Build.0 = Debug|Any CPU
		{1A48D951-F09E-4A1C-B0FC-FD78E6E275AD}.Release|Any CPU.ActiveCfg = Release|Any CPU
		{1A48D951-F09E-4A1C-B0FC-FD78E6E275AD}.Release|Any CPU.Build.0 = Release|Any CPU
		{DCC82633-5B2B-428D-92BA-297CF8A38FA9}.Debug|Any CPU.ActiveCfg = Debug|Any CPU
		{DCC82633-5B2B-428D-92BA-297CF8A38FA9}.Debug|Any CPU.Build.0 = Debug|Any CPU
		{DCC82633-5B2B-428D-92BA-297CF8A38FA9}.Release|Any CPU.ActiveCfg = Release|Any CPU
		{DCC82633-5B2B-428D-92BA-297CF8A38FA9}.Release|Any CPU.Build.0 = Release|Any CPU
		{B1996E27-A217-409B-BD3F-1DF414F40D36}.Debug|Any CPU.ActiveCfg = Debug|Any CPU
		{B1996E27-A217-409B-BD3F-1DF414F40D36}.Debug|Any CPU.Build.0 = Debug|Any CPU
		{B1996E27-A217-409B-BD3F-1DF414F40D36}.Release|Any CPU.ActiveCfg = Release|Any CPU
		{B1996E27-A217-409B-BD3F-1DF414F40D36}.Release|Any CPU.Build.0 = Release|Any CPU
		{B713C434-05BF-4F8F-B733-33E1EBC5FF58}.Debug|Any CPU.ActiveCfg = Debug|Any CPU
		{B713C434-05BF-4F8F-B733-33E1EBC5FF58}.Debug|Any CPU.Build.0 = Debug|Any CPU
		{B713C434-05BF-4F8F-B733-33E1EBC5FF58}.Release|Any CPU.ActiveCfg = Release|Any CPU
		{B713C434-05BF-4F8F-B733-33E1EBC5FF58}.Release|Any CPU.Build.0 = Release|Any CPU
		{57DFF051-5E32-47A5-BE43-EF48C958F4B2}.Debug|Any CPU.ActiveCfg = Debug|Any CPU
		{57DFF051-5E32-47A5-BE43-EF48C958F4B2}.Debug|Any CPU.Build.0 = Debug|Any CPU
		{57DFF051-5E32-47A5-BE43-EF48C958F4B2}.Release|Any CPU.ActiveCfg = Release|Any CPU
		{57DFF051-5E32-47A5-BE43-EF48C958F4B2}.Release|Any CPU.Build.0 = Release|Any CPU
		{95D40793-EA21-4871-A767-23E0F3757299}.Debug|Any CPU.ActiveCfg = Debug|Any CPU
		{95D40793-EA21-4871-A767-23E0F3757299}.Debug|Any CPU.Build.0 = Debug|Any CPU
		{95D40793-EA21-4871-A767-23E0F3757299}.Release|Any CPU.ActiveCfg = Release|Any CPU
		{95D40793-EA21-4871-A767-23E0F3757299}.Release|Any CPU.Build.0 = Release|Any CPU
	EndGlobalSection
	GlobalSection(SolutionProperties) = preSolution
		HideSolutionNode = FALSE
	EndGlobalSection
	GlobalSection(NestedProjects) = preSolution
		{CCE4486B-2238-49D5-87F5-F12E84E0C470} = {7771E3E3-5DCF-4F1A-978D-AE6ACB170A98}
		{6E5D8FDF-16E6-48D3-A0D6-6DF65256B9A7} = {8964A9A4-3F51-4FDE-9418-E8DDF4BEA865}
		{EF380726-AB56-4AB9-BDA7-D9B5FE947F1A} = {6E5D8FDF-16E6-48D3-A0D6-6DF65256B9A7}
		{9CA688D7-209A-4845-BD32-B1FA507EF3BE} = {6E5D8FDF-16E6-48D3-A0D6-6DF65256B9A7}
		{46F44B79-3775-4E95-A5D8-BA8C4FE9E9C8} = {7771E3E3-5DCF-4F1A-978D-AE6ACB170A98}
		{BA64CDD3-7A5C-47CF-9852-3B16F4F0107E} = {8964A9A4-3F51-4FDE-9418-E8DDF4BEA865}
		{1A48D951-F09E-4A1C-B0FC-FD78E6E275AD} = {BA64CDD3-7A5C-47CF-9852-3B16F4F0107E}
		{DCC82633-5B2B-428D-92BA-297CF8A38FA9} = {BA64CDD3-7A5C-47CF-9852-3B16F4F0107E}
		{923D89B9-07B1-4D95-8B96-D6658C555AAB} = {8964A9A4-3F51-4FDE-9418-E8DDF4BEA865}
		{B1996E27-A217-409B-BD3F-1DF414F40D36} = {923D89B9-07B1-4D95-8B96-D6658C555AAB}
		{B713C434-05BF-4F8F-B733-33E1EBC5FF58} = {923D89B9-07B1-4D95-8B96-D6658C555AAB}
		{D5CE6780-5E84-44D0-977B-5C39527EAAA4} = {8964A9A4-3F51-4FDE-9418-E8DDF4BEA865}
		{57DFF051-5E32-47A5-BE43-EF48C958F4B2} = {D5CE6780-5E84-44D0-977B-5C39527EAAA4}
		{95D40793-EA21-4871-A767-23E0F3757299} = {D5CE6780-5E84-44D0-977B-5C39527EAAA4}
	EndGlobalSection
	GlobalSection(ExtensibilityGlobals) = postSolution
		SolutionGuid = {8A8A239A-A11F-4167-ADF4-72C1670D4BF9}
	EndGlobalSection
EndGlobal
